{
  "lockfile-version": 0,
  "manifest": {
    "hook": {},
    "install": {
      "nodejs": {
        "pkg-path": "nodejs"
      },
      "python3": {
        "pkg-path": "python3"
      }
    },
    "options": {
      "systems": [
        "x86_64-linux"
      ]
    },
    "profile": {
      "common": "  # Autogenerated by Flox\n\n  # Install nodejs depedencies\n  npm install\n\n  # Setup a Python virtual environment\n\n  PYTHON_DIR=\"$FLOX_ENV_CACHE/python\"\n  if [ ! -d \"$PYTHON_DIR\" ]; then\n    echo \"Creating python virtual environment in $PYTHON_DIR\"\n    python -m venv \"$PYTHON_DIR\"\n  fi\n\n  echo \"Activating python virtual environment\"\n  source \"$PYTHON_DIR/bin/activate\"\n\n  pip install -r \"$FLOX_ENV_PROJECT/requirements.txt\" --quiet\n\n  # End autogenerated by Flox\n"
    },
    "registry": {
      "defaults": {
        "subtrees": null
      },
      "inputs": {
        "nixpkgs": {
          "from": {
            "owner": "NixOS",
            "ref": "release-23.11",
            "repo": "nixpkgs",
            "type": "github"
          },
          "subtrees": [
            "legacyPackages"
          ]
        }
      },
      "priority": [
        "nixpkgs"
      ]
    },
    "vars": {}
  },
  "packages": {
    "x86_64-linux": {
      "nodejs": {
        "attr-path": [
          "legacyPackages",
          "x86_64-linux",
          "nodejs"
        ],
        "info": {
          "broken": false,
          "description": "Event-driven I/O framework for the V8 JavaScript engine",
          "license": "MIT",
          "pname": "nodejs",
          "unfree": false,
          "version": "18.19.1"
        },
        "input": {
          "attrs": {
            "lastModified": 1715280447,
            "narHash": "sha256-w8ho1CL8pYEUBzM7N9E/FvI3d66YtJVKtboBPExb5A8=",
            "owner": "NixOS",
            "repo": "nixpkgs",
            "rev": "321f4a6eb7270f34f39b94935698fc16f5d4e0db",
            "type": "github"
          },
          "fingerprint": "71466ce2e908c64c593934c9f025d4aebbdf08cf31eda9b388ee032bb443303f",
          "url": "github:NixOS/nixpkgs/321f4a6eb7270f34f39b94935698fc16f5d4e0db"
        },
        "priority": 5
      },
      "python3": {
        "attr-path": [
          "legacyPackages",
          "x86_64-linux",
          "python3"
        ],
        "info": {
          "broken": false,
          "description": "A high-level dynamically-typed programming language",
          "license": "Python-2.0",
          "pname": "python3",
          "unfree": false,
          "version": "3.11.8"
        },
        "input": {
          "attrs": {
            "lastModified": 1715280447,
            "narHash": "sha256-w8ho1CL8pYEUBzM7N9E/FvI3d66YtJVKtboBPExb5A8=",
            "owner": "NixOS",
            "repo": "nixpkgs",
            "rev": "321f4a6eb7270f34f39b94935698fc16f5d4e0db",
            "type": "github"
          },
          "fingerprint": "71466ce2e908c64c593934c9f025d4aebbdf08cf31eda9b388ee032bb443303f",
          "url": "github:NixOS/nixpkgs/321f4a6eb7270f34f39b94935698fc16f5d4e0db"
        },
        "priority": 5
      }
    }
  },
  "registry": {
    "defaults": {
      "subtrees": null
    },
    "inputs": {
      "nixpkgs": {
        "from": {
          "lastModified": 1715280447,
          "narHash": "sha256-w8ho1CL8pYEUBzM7N9E/FvI3d66YtJVKtboBPExb5A8=",
          "owner": "NixOS",
          "repo": "nixpkgs",
          "rev": "321f4a6eb7270f34f39b94935698fc16f5d4e0db",
          "type": "github"
        },
        "subtrees": [
          "legacyPackages"
        ]
      }
    },
    "priority": [
      "nixpkgs"
    ]
  }
}